
Microsoft Visual Studio Solution File, Format Version 12.00
# Visual Studio Version 17
VisualStudioVersion = 17.4.33213.308
MinimumVisualStudioVersion = 10.0.40219.1
Project("{9A19103F-16F7-4668-BE54-9A1E7A4F7556}") = "MissionReportingTool", "MissionReportingTool\MissionReportingTool.csproj", "{8C25DE1E-CD1C-4AFA-87DB-0C23941F57EE}"
EndProject
Project("{FAE04EC0-301F-11D3-BF4B-00C04F79EFBC}") = "MissionReportingToolTest", "MissionReportingToolTest\MissionReportingToolTest.csproj", "{64D6342D-60D9-4528-BE28-5E43FF451F42}"
EndProject
Global
	GlobalSection(SolutionConfigurationPlatforms) = preSolution
		Debug|Any CPU = Debug|Any CPU
		Release|Any CPU = Release|Any CPU
	EndGlobalSection
	GlobalSection(ProjectConfigurationPlatforms) = postSolution
		{8C25DE1E-CD1C-4AFA-87DB-0C23941F57EE}.Debug|Any CPU.ActiveCfg = Debug|Any CPU
		{8C25DE1E-CD1C-4AFA-87DB-0C23941F57EE}.Debug|Any CPU.Build.0 = Debug|Any CPU
		{8C25DE1E-CD1C-4AFA-87DB-0C23941F57EE}.Release|Any CPU.ActiveCfg = Release|Any CPU
		{8C25DE1E-CD1C-4AFA-87DB-0C23941F57EE}.Release|Any CPU.Build.0 = Release|Any CPU
		{64D6342D-60D9-4528-BE28-5E43FF451F42}.Debug|Any CPU.ActiveCfg = Debug|Any CPU
		{64D6342D-60D9-4528-BE28-5E43FF451F42}.Debug|Any CPU.Build.0 = Debug|Any CPU
		{64D6342D-60D9-4528-BE28-5E43FF451F42}.Release|Any CPU.ActiveCfg = Release|Any CPU
		{64D6342D-60D9-4528-BE28-5E43FF451F42}.Release|Any CPU.Build.0 = Release|Any CPU
	EndGlobalSection
	GlobalSection(SolutionProperties) = preSolution
		HideSolutionNode = FALSE
	EndGlobalSection
	GlobalSection(ExtensibilityGlobals) = postSolution
		SolutionGuid = {2F96C9C3-CCCF-451C-896E-EA2033A9D71B}
	EndGlobalSection
EndGlobal
